
Microsoft Visual Studio Solution File, Format Version 12.00
# Visual Studio Version 16
VisualStudioVersion = 16.0.30517.126
MinimumVisualStudioVersion = 10.0.40219.1
Project("{FAE04EC0-301F-11D3-BF4B-00C04F79EFBC}") = "AmandaAdlerArtist", "AmandaAdlerArtist\AmandaAdlerArtist.csproj", "{D1725050-BF81-4407-8297-9463663E181F}"
EndProject
Global
	GlobalSection(SolutionConfigurationPlatforms) = preSolution
		Debug|Any CPU = Debug|Any CPU
		Release|Any CPU = Release|Any CPU
	EndGlobalSection
	GlobalSection(ProjectConfigurationPlatforms) = postSolution
		{D1725050-BF81-4407-8297-9463663E181F}.Debug|Any CPU.ActiveCfg = Debug|Any CPU
		{D1725050-BF81-4407-8297-9463663E181F}.Debug|Any CPU.Build.0 = Debug|Any CPU
		{D1725050-BF81-4407-8297-9463663E181F}.Release|Any CPU.ActiveCfg = Release|Any CPU
		{D1725050-BF81-4407-8297-9463663E181F}.Release|Any CPU.Build.0 = Release|Any CPU
	EndGlobalSection
	GlobalSection(SolutionProperties) = preSolution
		HideSolutionNode = FALSE
	EndGlobalSection
	GlobalSection(ExtensibilityGlobals) = postSolution
		SolutionGuid = {20EB6082-DDF8-4B0E-B112-71AB62318D9F}
	EndGlobalSection
EndGlobal
